
Microsoft Visual Studio Solution File, Format Version 12.00
# Visual Studio Version 17
VisualStudioVersion = 17.8.34330.188
MinimumVisualStudioVersion = 10.0.40219.1
Project("{FAE04EC0-301F-11D3-BF4B-00C04F79EFBC}") = "ActionFilterSample", "ActionFilterSample\ActionFilterSample.csproj", "{BD97AEAE-FEEE-4A03-A2E8-B27FDF54AE4B}"
EndProject
Global
	GlobalSection(SolutionConfigurationPlatforms) = preSolution
		Debug|Any CPU = Debug|Any CPU
		Release|Any CPU = Release|Any CPU
	EndGlobalSection
	GlobalSection(ProjectConfigurationPlatforms) = postSolution
		{BD97AEAE-FEEE-4A03-A2E8-B27FDF54AE4B}.Debug|Any CPU.ActiveCfg = Debug|Any CPU
		{BD97AEAE-FEEE-4A03-A2E8-B27FDF54AE4B}.Debug|Any CPU.Build.0 = Debug|Any CPU
		{BD97AEAE-FEEE-4A03-A2E8-B27FDF54AE4B}.Release|Any CPU.ActiveCfg = Release|Any CPU
		{BD97AEAE-FEEE-4A03-A2E8-B27FDF54AE4B}.Release|Any CPU.Build.0 = Release|Any CPU
	EndGlobalSection
	GlobalSection(SolutionProperties) = preSolution
		HideSolutionNode = FALSE
	EndGlobalSection
	GlobalSection(ExtensibilityGlobals) = postSolution
		SolutionGuid = {109B9FEA-75F0-4B77-BCFA-9D8E69A22DD2}
	EndGlobalSection
EndGlobal
